
Microsoft Visual Studio Solution File, Format Version 11.00
# Visual Studio 2010
Project("{2150E333-8FDC-42A3-9474-1A3956D46DE8}") = "CS", "CS", "{34E14330-BEEE-42C5-BF15-38B8C0DF7D55}"
EndProject
Project("{2150E333-8FDC-42A3-9474-1A3956D46DE8}") = "VB", "VB", "{6E663DFD-0B70-48C2-8EC6-8FB35B4DC0A7}"
EndProject
Project("{FAE04EC0-301F-11D3-BF4B-00C04F79EFBC}") = "MazeImplementation", "CS\MazeImplementation\MazeImplementation.csproj", "{DF03EA61-3D46-400B-BA6A-588795C86D6F}"
EndProject
Project("{FAE04EC0-301F-11D3-BF4B-00C04F79EFBC}") = "MazeImplementnationTest", "CS\MazeImplementnationTest\MazeImplementnationTest.csproj", "{D2936E0E-74E1-452E-8CA1-41FE0675BE6E}"
EndProject
Project("{F184B08F-C81C-45F6-A57F-5ABD9991F28F}") = "MazeImplementation", "VB\MazeImplementation\MazeImplementation.vbproj", "{207F2F33-8D15-4025-B481-E152333D6D0A}"
EndProject
Project("{F184B08F-C81C-45F6-A57F-5ABD9991F28F}") = "MazeImplementationTest", "VB\MazeImplementationTest\MazeImplementationTest.vbproj", "{7EB7F7C7-8014-448A-8ADA-A763B6C2DB67}"
EndProject
Global
	GlobalSection(TeamFoundationVersionControl) = preSolution
		SccNumberOfProjects = 5
		SccEnterpriseProvider = {4CA58AB2-18FA-4F8D-95D4-32DDF27D184C}
		SccTeamFoundationServer = https://tfs01.discountasp.net/tfs/omahamtg
		SccProjectUniqueName0 = CS\\MazeImplementation\\MazeImplementation.csproj
		SccProjectTopLevelParentUniqueName0 = Samples.sln
		SccProjectName0 = CS/MazeImplementation
		SccLocalPath0 = CS\\MazeImplementation
		SccProjectUniqueName1 = CS\\MazeImplementnationTest\\MazeImplementnationTest.csproj
		SccProjectTopLevelParentUniqueName1 = Samples.sln
		SccProjectName1 = CS/MazeImplementnationTest
		SccLocalPath1 = CS\\MazeImplementnationTest
		SccProjectUniqueName2 = VB\\MazeImplementation\\MazeImplementation.vbproj
		SccProjectTopLevelParentUniqueName2 = Samples.sln
		SccProjectName2 = VB/MazeImplementation
		SccLocalPath2 = VB\\MazeImplementation
		SccProjectUniqueName3 = VB\\MazeImplementationTest\\MazeImplementationTest.vbproj
		SccProjectTopLevelParentUniqueName3 = Samples.sln
		SccProjectName3 = VB/MazeImplementationTest
		SccLocalPath3 = VB\\MazeImplementationTest
		SccLocalPath4 = .
	EndGlobalSection
	GlobalSection(SolutionConfigurationPlatforms) = preSolution
		Debug|Any CPU = Debug|Any CPU
		Release|Any CPU = Release|Any CPU
	EndGlobalSection
	GlobalSection(ProjectConfigurationPlatforms) = postSolution
		{DF03EA61-3D46-400B-BA6A-588795C86D6F}.Debug|Any CPU.ActiveCfg = Debug|Any CPU
		{DF03EA61-3D46-400B-BA6A-588795C86D6F}.Debug|Any CPU.Build.0 = Debug|Any CPU
		{DF03EA61-3D46-400B-BA6A-588795C86D6F}.Release|Any CPU.ActiveCfg = Release|Any CPU
		{DF03EA61-3D46-400B-BA6A-588795C86D6F}.Release|Any CPU.Build.0 = Release|Any CPU
		{D2936E0E-74E1-452E-8CA1-41FE0675BE6E}.Debug|Any CPU.ActiveCfg = Debug|Any CPU
		{D2936E0E-74E1-452E-8CA1-41FE0675BE6E}.Debug|Any CPU.Build.0 = Debug|Any CPU
		{D2936E0E-74E1-452E-8CA1-41FE0675BE6E}.Release|Any CPU.ActiveCfg = Release|Any CPU
		{D2936E0E-74E1-452E-8CA1-41FE0675BE6E}.Release|Any CPU.Build.0 = Release|Any CPU
		{207F2F33-8D15-4025-B481-E152333D6D0A}.Debug|Any CPU.ActiveCfg = Debug|Any CPU
		{207F2F33-8D15-4025-B481-E152333D6D0A}.Debug|Any CPU.Build.0 = Debug|Any CPU
		{207F2F33-8D15-4025-B481-E152333D6D0A}.Release|Any CPU.ActiveCfg = Release|Any CPU
		{207F2F33-8D15-4025-B481-E152333D6D0A}.Release|Any CPU.Build.0 = Release|Any CPU
		{7EB7F7C7-8014-448A-8ADA-A763B6C2DB67}.Debug|Any CPU.ActiveCfg = Debug|Any CPU
		{7EB7F7C7-8014-448A-8ADA-A763B6C2DB67}.Debug|Any CPU.Build.0 = Debug|Any CPU
		{7EB7F7C7-8014-448A-8ADA-A763B6C2DB67}.Release|Any CPU.ActiveCfg = Release|Any CPU
		{7EB7F7C7-8014-448A-8ADA-A763B6C2DB67}.Release|Any CPU.Build.0 = Release|Any CPU
	EndGlobalSection
	GlobalSection(SolutionProperties) = preSolution
		HideSolutionNode = FALSE
	EndGlobalSection
	GlobalSection(NestedProjects) = preSolution
		{DF03EA61-3D46-400B-BA6A-588795C86D6F} = {34E14330-BEEE-42C5-BF15-38B8C0DF7D55}
		{D2936E0E-74E1-452E-8CA1-41FE0675BE6E} = {34E14330-BEEE-42C5-BF15-38B8C0DF7D55}
		{207F2F33-8D15-4025-B481-E152333D6D0A} = {6E663DFD-0B70-48C2-8EC6-8FB35B4DC0A7}
		{7EB7F7C7-8014-448A-8ADA-A763B6C2DB67} = {6E663DFD-0B70-48C2-8EC6-8FB35B4DC0A7}
	EndGlobalSection
EndGlobal
